
Microsoft Visual Studio Solution File, Format Version 12.00
# Visual Studio Version 17
VisualStudioVersion = 17.9.34728.123
MinimumVisualStudioVersion = 10.0.40219.1
Project("{FAE04EC0-301F-11D3-BF4B-00C04F79EFBC}") = "BulkyWeb", "BulkyWeb\BulkyWeb.csproj", "{E869C726-ED51-45D4-A572-81F421174C85}"
EndProject
Global
	GlobalSection(SolutionConfigurationPlatforms) = preSolution
		Debug|Any CPU = Debug|Any CPU
		Release|Any CPU = Release|Any CPU
	EndGlobalSection
	GlobalSection(ProjectConfigurationPlatforms) = postSolution
		{E869C726-ED51-45D4-A572-81F421174C85}.Debug|Any CPU.ActiveCfg = Debug|Any CPU
		{E869C726-ED51-45D4-A572-81F421174C85}.Debug|Any CPU.Build.0 = Debug|Any CPU
		{E869C726-ED51-45D4-A572-81F421174C85}.Release|Any CPU.ActiveCfg = Release|Any CPU
		{E869C726-ED51-45D4-A572-81F421174C85}.Release|Any CPU.Build.0 = Release|Any CPU
	EndGlobalSection
	GlobalSection(SolutionProperties) = preSolution
		HideSolutionNode = FALSE
	EndGlobalSection
	GlobalSection(ExtensibilityGlobals) = postSolution
		SolutionGuid = {39936D09-69BF-4E77-84A3-B3BB53E7FCDD}
	EndGlobalSection
EndGlobal
